# This file is machine-generated by `gh actions-lock`.
# Do not edit by hand; run `gh actions-lock` to update.
# Docs: https://gh.io/actions-lockfile
version: 'v0.0.2'
workflows:
    '.github/workflows/agda.yml':
        - 'actions/checkout@v6.0.3'
    '.github/workflows/codeql.yml':
        - 'actions/checkout@v6.0.3'
        - 'github/codeql-action@v4.36.2'
    '.github/workflows/push-email-notify.yml':
        - 'hyperpolymath/smtp-notify-action@v0.2.0'
dependencies:
    'actions/checkout@v6.0.3':
        ref: 'v6.0.3'
        commit: 'sha1-df4cb1c069e1874edd31b4311f1884172cec0e10'
        owner_id: 44036562
        repo_id: 197814629
    'github/codeql-action@v4.36.2':
        ref: 'v4.36.2'
        commit: 'sha1-8aad20d150bbac5944a9f9d289da16a4b0d87c1e'
        owner_id: 9919
        repo_id: 259445878
    'hyperpolymath/smtp-notify-action@v0.2.0':
        ref: 'v0.2.0'
        commit: 'sha1-ede1191ef6ff3ac02c4f4d9efdf837ee517e11d7'
        owner_id: 6759885
        repo_id: 1352485172
